{
  "requires": true,
  "lockfileVersion": 1,
  "dependencies": {
    "@react-navigation/core": {
      "version": "7.8.5",
      "resolved": "https://registry.npmjs.org/@react-navigation/core/-/core-7.8.5.tgz",
      "integrity": "sha512-xDUXs6NI6ASiZgf53I7NPG0iJVGClPL5O3r8ddOCkS6fhVmPRun64m2zxUWnPcxtheFNTFfQ1IXH+gcenTcv/w==",
      "requires": {
        "@react-navigation/routers": "7.3.5",
        "escape-string-regexp": "4.0.0",
        "nanoid": "3.3.8",
        "query-string": "7.1.3",
        "react-is": "18.3.1",
        "use-latest-callback": "0.2.3",
        "use-sync-external-store": "1.5.0"
      }
    },
    "@react-navigation/elements": {
      "version": "2.3.8",
      "resolved": "https://registry.npmjs.org/@react-navigation/elements/-/elements-2.3.8.tgz",
      "integrity": "sha512-2ZVBtPfrkmOxzvIyDu3fPZ6aS4HcXL+TvzPDGa1znY2OP1Llo6wH14AmJHQFDquiInp2656hRMM1BkfJ3yPwew==",
      "requires": {
        "color": "4.2.3"
      }
    },
    "@react-navigation/native": {
      "version": "7.1.6",
      "resolved": "https://registry.npmjs.org/@react-navigation/native/-/native-7.1.6.tgz",
      "integrity": "sha512-XcfygfHDfAgf2iC4rNBc67Yy0M1aYRGNeNKqja5AJPFZoBQhAEAxKCwHsH4g3qU0zIbzLCthoSl5107dBjoeZw==",
      "requires": {
        "@react-navigation/core": "7.8.5",
        "escape-string-regexp": "4.0.0",
        "fast-deep-equal": "3.1.3",
        "nanoid": "3.3.8",
        "use-latest-callback": "0.2.3"
      }
    },
    "@react-navigation/routers": {
      "version": "7.3.5",
      "resolved": "https://registry.npmjs.org/@react-navigation/routers/-/routers-7.3.5.tgz",
      "integrity": "sha512-SBh/3G7pURIQfIwG4OnAfLvq0E4+l1Ii6577z22cIhWIrTOHFXg0rMxC7ft/amzxYn+iG2nYa4dONRd+xIs+yg==",
      "requires": {
        "nanoid": "3.3.8"
      }
    },
    "@react-navigation/stack": {
      "version": "7.2.10",
      "resolved": "https://registry.npmjs.org/@react-navigation/stack/-/stack-7.2.10.tgz",
      "integrity": "sha512-8exYxg/3goQkmtAJFIPpKbFOiMmNRSf99qs5ssX1gQ2JEhwloBl7Bw0snccB1JJ7rghjD5bogj+zcQdC8KSYeg==",
      "requires": {
        "@react-navigation/elements": "2.3.8",
        "color": "4.2.3"
      }
    },
    "color": {
      "version": "4.2.3",
      "resolved": "https://registry.npmjs.org/color/-/color-4.2.3.tgz",
      "integrity": "sha512-1rXeuUUiGGrykh+CeBdu5Ie7OJwinCgQY0bc7GCRxy5xVHy+moaqkpL/jqQq0MtQOeYcrqEz4abc5f0KtU7W4A==",
      "requires": {
        "color-convert": "2.0.1",
        "color-string": "1.9.1"
      }
    },
    "color-convert": {
      "version": "2.0.1",
      "resolved": "https://registry.npmjs.org/color-convert/-/color-convert-2.0.1.tgz",
      "integrity": "sha512-RRECPsj7iu/xb5oKYcsFHSppFNnsj/52OVTRKb4zP5onXwVF3zVmmToNcOfGC+CRDpfK/U584fMg38ZHCaElKQ==",
      "requires": {
        "color-name": "1.1.4"
      }
    },
    "color-name": {
      "version": "1.1.4",
      "resolved": "https://registry.npmjs.org/color-name/-/color-name-1.1.4.tgz",
      "integrity": "sha512-dOy+3AuW3a2wNbZHIuMZpTcgjGuLU/uBL/ubcZF9OXbDo8ff4O8yVp5Bf0efS8uEoYo5q4Fx7dY9OgQGXgAsQA=="
    },
    "color-string": {
      "version": "1.9.1",
      "resolved": "https://registry.npmjs.org/color-string/-/color-string-1.9.1.tgz",
      "integrity": "sha512-shrVawQFojnZv6xM40anx4CkoDP+fZsw/ZerEMsW/pyzsRbElpsL/DBVW7q3ExxwusdNXI3lXpuhEZkzs8p5Eg==",
      "requires": {
        "color-name": "1.1.4",
        "simple-swizzle": "0.2.2"
      }
    },
    "decode-uri-component": {
      "version": "0.2.2",
      "resolved": "https://registry.npmjs.org/decode-uri-component/-/decode-uri-component-0.2.2.tgz",
      "integrity": "sha512-FqUYQ+8o158GyGTrMFJms9qh3CqTKvAqgqsTnkLI8sKu0028orqBhxNMFkFen0zGyg6epACD32pjVk58ngIErQ=="
    },
    "escape-string-regexp": {
      "version": "4.0.0",
      "resolved": "https://registry.npmjs.org/escape-string-regexp/-/escape-string-regexp-4.0.0.tgz",
      "integrity": "sha512-TtpcNJ3XAzx3Gq8sWRzJaVajRs0uVxA2YAkdb1jm2YkPz4G6egUFAyA3n5vtEIZefPk5Wa4UXbKuS5fKkJWdgA=="
    },
    "fast-deep-equal": {
      "version": "3.1.3",
      "resolved": "https://registry.npmjs.org/fast-deep-equal/-/fast-deep-equal-3.1.3.tgz",
      "integrity": "sha512-f3qQ9oQy9j2AhBe/H9VC91wLmKBCCU/gDOnKNAYG5hswO7BLKj09Hc5HYNz9cGI++xlpDCIgDaitVs03ATR84Q=="
    },
    "filter-obj": {
      "version": "1.1.0",
      "resolved": "https://registry.npmjs.org/filter-obj/-/filter-obj-1.1.0.tgz",
      "integrity": "sha512-8rXg1ZnX7xzy2NGDVkBVaAy+lSlPNwad13BtgSlLuxfIslyt5Vg64U7tFcCt4WS1R0hvtnQybT/IyCkGZ3DpXQ=="
    },
    "is-arrayish": {
      "version": "0.3.2",
      "resolved": "https://registry.npmjs.org/is-arrayish/-/is-arrayish-0.3.2.tgz",
      "integrity": "sha512-eVRqCvVlZbuw3GrM63ovNSNAeA1K16kaR/LRY/92w0zxQ5/1YzwblUX652i4Xs9RwAGjW9d9y6X88t8OaAJfWQ=="
    },
    "nanoid": {
      "version": "3.3.8",
      "resolved": "https://registry.npmjs.org/nanoid/-/nanoid-3.3.8.tgz",
      "integrity": "sha512-WNLf5Sd8oZxOm+TzppcYk8gVOgP+l58xNy58D0nbUnOxOWRWvlcCV4kUF7ltmI6PsrLl/BgKEyS4mqsGChFN0w=="
    },
    "query-string": {
      "version": "7.1.3",
      "resolved": "https://registry.npmjs.org/query-string/-/query-string-7.1.3.tgz",
      "integrity": "sha512-hh2WYhq4fi8+b+/2Kg9CEge4fDPvHS534aOOvOZeQ3+Vf2mCFsaFBYj0i+iXcAq6I9Vzp5fjMFBlONvayDC1qg==",
      "requires": {
        "decode-uri-component": "0.2.2",
        "filter-obj": "1.1.0",
        "split-on-first": "1.1.0",
        "strict-uri-encode": "2.0.0"
      }
    },
    "react-is": {
      "version": "18.3.1",
      "resolved": "https://registry.npmjs.org/react-is/-/react-is-18.3.1.tgz",
      "integrity": "sha512-/LLMVyas0ljjAtoYiPqYiL8VWXzUUdThrmU5+n20DZv+a+ClRoevUzw5JxU+Ieh5/c87ytoTBV9G1FiKfNJdmg=="
    },
    "simple-swizzle": {
      "version": "0.2.2",
      "resolved": "https://registry.npmjs.org/simple-swizzle/-/simple-swizzle-0.2.2.tgz",
      "integrity": "sha512-JA//kQgZtbuY83m+xT+tXJkmJncGMTFT+C+g2h2R9uxkYIrE2yy9sgmcLhCnw57/WSD+Eh3J97FPEDFnbXnDUg==",
      "requires": {
        "is-arrayish": "0.3.2"
      }
    },
    "split-on-first": {
      "version": "1.1.0",
      "resolved": "https://registry.npmjs.org/split-on-first/-/split-on-first-1.1.0.tgz",
      "integrity": "sha512-43ZssAJaMusuKWL8sKUBQXHWOpq8d6CfN/u1p4gUzfJkM05C8rxTmYrkIPTXapZpORA6LkkzcUulJ8FqA7Uudw=="
    },
    "strict-uri-encode": {
      "version": "2.0.0",
      "resolved": "https://registry.npmjs.org/strict-uri-encode/-/strict-uri-encode-2.0.0.tgz",
      "integrity": "sha512-QwiXZgpRcKkhTj2Scnn++4PKtWsH0kpzZ62L2R6c/LUVYv7hVnZqcg2+sMuT6R7Jusu1vviK/MFsu6kNJfWlEQ=="
    },
    "use-latest-callback": {
      "version": "0.2.3",
      "resolved": "https://registry.npmjs.org/use-latest-callback/-/use-latest-callback-0.2.3.tgz",
      "integrity": "sha512-7vI3fBuyRcP91pazVboc4qu+6ZqM8izPWX9k7cRnT8hbD5svslcknsh3S9BUhaK11OmgTV4oWZZVSeQAiV53SQ=="
    },
    "use-sync-external-store": {
      "version": "1.5.0",
      "resolved": "https://registry.npmjs.org/use-sync-external-store/-/use-sync-external-store-1.5.0.tgz",
      "integrity": "sha512-Rb46I4cGGVBmjamjphe8L/UnvJD+uPPtTkNvX5mZgqdbavhI4EbgIWJiIHXJ8bc/i9EQGPRh4DwEURJ552Do0A=="
    }
  }
}
